
Microsoft Visual Studio Solution File, Format Version 12.00
# Visual Studio Version 17
VisualStudioVersion = 17.3.32929.385
MinimumVisualStudioVersion = 10.0.40219.1
Project("{9A19103F-16F7-4668-BE54-9A1E7A4F7556}") = "api", "api.csproj", "{DF8421CF-7A03-4E45-84C6-D8FB3F453A3B}"
EndProject
Project("{FAE04EC0-301F-11D3-BF4B-00C04F79EFBC}") = "dal", "..\dal\dal.csproj", "{C39E19BC-B39B-4C14-9CD4-04C6963D9EB7}"
EndProject
Global
	GlobalSection(SolutionConfigurationPlatforms) = preSolution
		Debug|Any CPU = Debug|Any CPU
		Release|Any CPU = Release|Any CPU
	EndGlobalSection
	GlobalSection(ProjectConfigurationPlatforms) = postSolution
		{DF8421CF-7A03-4E45-84C6-D8FB3F453A3B}.Debug|Any CPU.ActiveCfg = Debug|Any CPU
		{DF8421CF-7A03-4E45-84C6-D8FB3F453A3B}.Debug|Any CPU.Build.0 = Debug|Any CPU
		{DF8421CF-7A03-4E45-84C6-D8FB3F453A3B}.Release|Any CPU.ActiveCfg = Release|Any CPU
		{DF8421CF-7A03-4E45-84C6-D8FB3F453A3B}.Release|Any CPU.Build.0 = Release|Any CPU
		{C39E19BC-B39B-4C14-9CD4-04C6963D9EB7}.Debug|Any CPU.ActiveCfg = Debug|Any CPU
		{C39E19BC-B39B-4C14-9CD4-04C6963D9EB7}.Debug|Any CPU.Build.0 = Debug|Any CPU
		{C39E19BC-B39B-4C14-9CD4-04C6963D9EB7}.Release|Any CPU.ActiveCfg = Release|Any CPU
		{C39E19BC-B39B-4C14-9CD4-04C6963D9EB7}.Release|Any CPU.Build.0 = Release|Any CPU
	EndGlobalSection
	GlobalSection(SolutionProperties) = preSolution
		HideSolutionNode = FALSE
	EndGlobalSection
	GlobalSection(ExtensibilityGlobals) = postSolution
		SolutionGuid = {C9D39D6C-CE60-4FD9-9F0F-49F4F0A914A6}
	EndGlobalSection
EndGlobal
